
Microsoft Visual Studio Solution File, Format Version 12.00
# Visual Studio Version 17
VisualStudioVersion = 17.13.35919.96 d17.13
MinimumVisualStudioVersion = 10.0.40219.1
Project("{FAE04EC0-301F-11D3-BF4B-00C04F79EFBC}") = "Velera Skriner", "Velera Skriner\Velera Skriner.csproj", "{965B35ED-225F-43B5-BF7F-10B304E2C0FE}"
EndProject
Global
	GlobalSection(SolutionConfigurationPlatforms) = preSolution
		Debug|Any CPU = Debug|Any CPU
		Release|Any CPU = Release|Any CPU
	EndGlobalSection
	GlobalSection(ProjectConfigurationPlatforms) = postSolution
		{965B35ED-225F-43B5-BF7F-10B304E2C0FE}.Debug|Any CPU.ActiveCfg = Debug|Any CPU
		{965B35ED-225F-43B5-BF7F-10B304E2C0FE}.Debug|Any CPU.Build.0 = Debug|Any CPU
		{965B35ED-225F-43B5-BF7F-10B304E2C0FE}.Release|Any CPU.ActiveCfg = Release|Any CPU
		{965B35ED-225F-43B5-BF7F-10B304E2C0FE}.Release|Any CPU.Build.0 = Release|Any CPU
	EndGlobalSection
	GlobalSection(SolutionProperties) = preSolution
		HideSolutionNode = FALSE
	EndGlobalSection
	GlobalSection(ExtensibilityGlobals) = postSolution
		SolutionGuid = {F32E5876-342C-44FF-AF32-1F6A0B318DD6}
	EndGlobalSection
EndGlobal
